// !$*UTF8*$!
{
	archiveVersion = 1;
	classes = {
	};
	objectVersion = 46;
	objects = {

/* Begin PBXBuildFile section */
		A0D486C11BDEC7D9001FE79D /* MainGridController.swift in Sources */ = {isa = PBXBuildFile; fileRef = A0D486C01BDEC7D9001FE79D /* MainGridController.swift */; };
		A0D486C71BDEE3C0001FE79D /* MainCollectionViewCell.swift in Sources */ = {isa = PBXBuildFile; fileRef = A0D486C61BDEE3C0001FE79D /* MainCollectionViewCell.swift */; };
		A0DFC4A61BDAAE230058D79B /* AppDelegate.swift in Sources */ = {isa = PBXBuildFile; fileRef = A0DFC4A51BDAAE230058D79B /* AppDelegate.swift */; };
		A0DFC4AB1BDAAE230058D79B /* Main.storyboard in Resources */ = {isa = PBXBuildFile; fileRef = A0DFC4A91BDAAE230058D79B /* Main.storyboard */; };
		A0DFC4AD1BDAAE230058D79B /* Assets.xcassets in Resources */ = {isa = PBXBuildFile; fileRef = A0DFC4AC1BDAAE230058D79B /* Assets.xcassets */; };
		A0DFC4B01BDAAE230058D79B /* LaunchScreen.storyboard in Resources */ = {isa = PBXBuildFile; fileRef = A0DFC4AE1BDAAE230058D79B /* LaunchScreen.storyboard */; };
		FC34A690BD36860BB6F7DDF3 /* Pods_GridViewExample.framework in Frameworks */ = {isa = PBXBuildFile; fileRef = B37BA581EFD31A474FAF5BAE /* Pods_GridViewExample.framework */; };
/* End PBXBuildFile section */

/* Begin PBXFileReference section */
		12ACDD4289A33AE2DCC5F82A /* Pods-GridViewExample.debug.xcconfig */ = {isa = PBXFileReference; includeInIndex = 1; lastKnownFileType = text.xcconfig; name = "Pods-GridViewExample.debug.xcconfig"; path = "Pods/Target Support Files/Pods-GridViewExample/Pods-GridViewExample.debug.xcconfig"; sourceTree = "<group>"; };
		A0D486C01BDEC7D9001FE79D /* MainGridController.swift */ = {isa = PBXFileReference; fileEncoding = 4; lastKnownFileType = sourcecode.swift; path = MainGridController.swift; sourceTree = "<group>"; };
		A0D486C61BDEE3C0001FE79D /* MainCollectionViewCell.swift */ = {isa = PBXFileReference; fileEncoding = 4; lastKnownFileType = sourcecode.swift; path = MainCollectionViewCell.swift; sourceTree = "<group>"; };
		A0DFC4A21BDAAE230058D79B /* GridViewExample.app */ = {isa = PBXFileReference; explicitFileType = wrapper.application; includeInIndex = 0; path = GridViewExample.app; sourceTree = BUILT_PRODUCTS_DIR; };
		A0DFC4A51BDAAE230058D79B /* AppDelegate.swift */ = {isa = PBXFileReference; lastKnownFileType = sourcecode.swift; path = AppDelegate.swift; sourceTree = "<group>"; };
		A0DFC4AA1BDAAE230058D79B /* Base */ = {isa = PBXFileReference; lastKnownFileType = file.storyboard; name = Base; path = Base.lproj/Main.storyboard; sourceTree = "<group>"; };
		A0DFC4AC1BDAAE230058D79B /* Assets.xcassets */ = {isa = PBXFileReference; lastKnownFileType = folder.assetcatalog; path = Assets.xcassets; sourceTree = "<group>"; };
		A0DFC4AF1BDAAE230058D79B /* Base */ = {isa = PBXFileReference; lastKnownFileType = file.storyboard; name = Base; path = Base.lproj/LaunchScreen.storyboard; sourceTree = "<group>"; };
		A0DFC4B11BDAAE230058D79B /* Info.plist */ = {isa = PBXFileReference; lastKnownFileType = text.plist.xml; path = Info.plist; sourceTree = "<group>"; };
		B37BA581EFD31A474FAF5BAE /* Pods_GridViewExample.framework */ = {isa = PBXFileReference; explicitFileType = wrapper.framework; includeInIndex = 0; path = Pods_GridViewExample.framework; sourceTree = BUILT_PRODUCTS_DIR; };
		EB24972AB7BF90AA27D8867A /* Pods-GridViewExample.release.xcconfig */ = {isa = PBXFileReference; includeInIndex = 1; lastKnownFileType = text.xcconfig; name = "Pods-GridViewExample.release.xcconfig"; path = "Pods/Target Support Files/Pods-GridViewExample/Pods-GridViewExample.release.xcconfig"; sourceTree = "<group>"; };
/* End PBXFileReference section */

/* Begin PBXFrameworksBuildPhase section */
		A0DFC49F1BDAAE230058D79B /* Frameworks */ = {
			isa = PBXFrameworksBuildPhase;
			buildActionMask = 2147483647;
			files = (
				FC34A690BD36860BB6F7DDF3 /* Pods_GridViewExample.framework in Frameworks */,
			);
			runOnlyForDeploymentPostprocessing = 0;
		};
/* End PBXFrameworksBuildPhase section */

/* Begin PBXGroup section */
		66E4C219517CED3769851244 /* Pods */ = {
			isa = PBXGroup;
			children = (
				12ACDD4289A33AE2DCC5F82A /* Pods-GridViewExample.debug.xcconfig */,
				EB24972AB7BF90AA27D8867A /* Pods-GridViewExample.release.xcconfig */,
			);
			name = Pods;
			sourceTree = "<group>";
		};
		757A5EF6F5FA769EE7A49937 /* Frameworks */ = {
			isa = PBXGroup;
			children = (
				B37BA581EFD31A474FAF5BAE /* Pods_GridViewExample.framework */,
			);
			name = Frameworks;
			sourceTree = "<group>";
		};
		A0DFC4991BDAAE230058D79B = {
			isa = PBXGroup;
			children = (
				A0DFC4A41BDAAE230058D79B /* GridViewExample */,
				A0DFC4A31BDAAE230058D79B /* Products */,
				66E4C219517CED3769851244 /* Pods */,
				757A5EF6F5FA769EE7A49937 /* Frameworks */,
			);
			sourceTree = "<group>";
		};
		A0DFC4A31BDAAE230058D79B /* Products */ = {
			isa = PBXGroup;
			children = (
				A0DFC4A21BDAAE230058D79B /* GridViewExample.app */,
			);
			name = Products;
			sourceTree = "<group>";
		};
		A0DFC4A41BDAAE230058D79B /* GridViewExample */ = {
			isa = PBXGroup;
			children = (
				A0DFC4A51BDAAE230058D79B /* AppDelegate.swift */,
				A0D486C01BDEC7D9001FE79D /* MainGridController.swift */,
				A0D486C61BDEE3C0001FE79D /* MainCollectionViewCell.swift */,
				A0DFC4A91BDAAE230058D79B /* Main.storyboard */,
				A0DFC4AC1BDAAE230058D79B /* Assets.xcassets */,
				A0DFC4AE1BDAAE230058D79B /* LaunchScreen.storyboard */,
				A0DFC4B11BDAAE230058D79B /* Info.plist */,
			);
			path = GridViewExample;
			sourceTree = "<group>";
		};
/* End PBXGroup section */

/* Begin PBXNativeTarget section */
		A0DFC4A11BDAAE230058D79B /* GridViewExample */ = {
			isa = PBXNativeTarget;
			buildConfigurationList = A0DFC4B41BDAAE230058D79B /* Build configuration list for PBXNativeTarget "GridViewExample" */;
			buildPhases = (
				2A6580F79A57D7F1D5749E44 /* Check Pods Manifest.lock */,
				A0DFC49E1BDAAE230058D79B /* Sources */,
				A0DFC49F1BDAAE230058D79B /* Frameworks */,
				A0DFC4A01BDAAE230058D79B /* Resources */,
				1BB2DEEBD78F0508FFEF2391 /* Embed Pods Frameworks */,
				3F654152F04C1267588E2B5A /* Copy Pods Resources */,
			);
			buildRules = (
			);
			dependencies = (
			);
			name = GridViewExample;
			productName = GridViewExample;
			productReference = A0DFC4A21BDAAE230058D79B /* GridViewExample.app */;
			productType = "com.apple.product-type.application";
		};
/* End PBXNativeTarget section */

/* Begin PBXProject section */
		A0DFC49A1BDAAE230058D79B /* Project object */ = {
			isa = PBXProject;
			attributes = {
				LastSwiftUpdateCheck = 0710;
				LastUpgradeCheck = 0710;
				ORGANIZATIONNAME = "Adam Fish";
				TargetAttributes = {
					A0DFC4A11BDAAE230058D79B = {
						CreatedOnToolsVersion = 7.1;
					};
				};
			};
			buildConfigurationList = A0DFC49D1BDAAE230058D79B /* Build configuration list for PBXProject "GridViewExample" */;
			compatibilityVersion = "Xcode 3.2";
			developmentRegion = English;
			hasScannedForEncodings = 0;
			knownRegions = (
				en,
				Base,
			);
			mainGroup = A0DFC4991BDAAE230058D79B;
			productRefGroup = A0DFC4A31BDAAE230058D79B /* Products */;
			projectDirPath = "";
			projectRoot = "";
			targets = (
				A0DFC4A11BDAAE230058D79B /* GridViewExample */,
			);
		};
/* End PBXProject section */

/* Begin PBXResourcesBuildPhase section */
		A0DFC4A01BDAAE230058D79B /* Resources */ = {
			isa = PBXResourcesBuildPhase;
			buildActionMask = 2147483647;
			files = (
				A0DFC4B01BDAAE230058D79B /* LaunchScreen.storyboard in Resources */,
				A0DFC4AD1BDAAE230058D79B /* Assets.xcassets in Resources */,
				A0DFC4AB1BDAAE230058D79B /* Main.storyboard in Resources */,
			);
			runOnlyForDeploymentPostprocessing = 0;
		};
/* End PBXResourcesBuildPhase section */

/* Begin PBXShellScriptBuildPhase section */
		1BB2DEEBD78F0508FFEF2391 /* Embed Pods Frameworks */ = {
			isa = PBXShellScriptBuildPhase;
			buildActionMask = 2147483647;
			files = (
			);
			inputPaths = (
			);
			name = "Embed Pods Frameworks";
			outputPaths = (
			);
			runOnlyForDeploymentPostprocessing = 0;
			shellPath = /bin/sh;
			shellScript = "\"${SRCROOT}/Pods/Target Support Files/Pods-GridViewExample/Pods-GridViewExample-frameworks.sh\"\n";
			showEnvVarsInLog = 0;
		};
		2A6580F79A57D7F1D5749E44 /* Check Pods Manifest.lock */ = {
			isa = PBXShellScriptBuildPhase;
			buildActionMask = 2147483647;
			files = (
			);
			inputPaths = (
			);
			name = "Check Pods Manifest.lock";
			outputPaths = (
			);
			runOnlyForDeploymentPostprocessing = 0;
			shellPath = /bin/sh;
			shellScript = "diff \"${PODS_ROOT}/../Podfile.lock\" \"${PODS_ROOT}/Manifest.lock\" > /dev/null\nif [[ $? != 0 ]] ; then\n    cat << EOM\nerror: The sandbox is not in sync with the Podfile.lock. Run 'pod install' or update your CocoaPods installation.\nEOM\n    exit 1\nfi\n";
			showEnvVarsInLog = 0;
		};
		3F654152F04C1267588E2B5A /* Copy Pods Resources */ = {
			isa = PBXShellScriptBuildPhase;
			buildActionMask = 2147483647;
			files = (
			);
			inputPaths = (
			);
			name = "Copy Pods Resources";
			outputPaths = (
			);
			runOnlyForDeploymentPostprocessing = 0;
			shellPath = /bin/sh;
			shellScript = "\"${SRCROOT}/Pods/Target Support Files/Pods-GridViewExample/Pods-GridViewExample-resources.sh\"\n";
			showEnvVarsInLog = 0;
		};
/* End PBXShellScriptBuildPhase section */

/* Begin PBXSourcesBuildPhase section */
		A0DFC49E1BDAAE230058D79B /* Sources */ = {
			isa = PBXSourcesBuildPhase;
			buildActionMask = 2147483647;
			files = (
				A0D486C11BDEC7D9001FE79D /* MainGridController.swift in Sources */,
				A0D486C71BDEE3C0001FE79D /* MainCollectionViewCell.swift in Sources */,
				A0DFC4A61BDAAE230058D79B /* AppDelegate.swift in Sources */,
			);
			runOnlyForDeploymentPostprocessing = 0;
		};
/* End PBXSourcesBuildPhase section */

/* Begin PBXVariantGroup section */
		A0DFC4A91BDAAE230058D79B /* Main.storyboard */ = {
			isa = PBXVariantGroup;
			children = (
				A0DFC4AA1BDAAE230058D79B /* Base */,
			);
			name = Main.storyboard;
			sourceTree = "<group>";
		};
		A0DFC4AE1BDAAE230058D79B /* LaunchScreen.storyboard */ = {
			isa = PBXVariantGroup;
			children = (
				A0DFC4AF1BDAAE230058D79B /* Base */,
			);
			name = LaunchScreen.storyboard;
			sourceTree = "<group>";
		};
/* End PBXVariantGroup section */

/* Begin XCBuildConfiguration section */
		A0DFC4B21BDAAE230058D79B /* Debug */ = {
			isa = XCBuildConfiguration;
			buildSettings = {
				ALWAYS_SEARCH_USER_PATHS = NO;
				CLANG_CXX_LANGUAGE_STANDARD = "gnu++0x";
				CLANG_CXX_LIBRARY = "libc++";
				CLANG_ENABLE_MODULES = YES;
				CLANG_ENABLE_OBJC_ARC = YES;
				CLANG_WARN_BOOL_CONVERSION = YES;
				CLANG_WARN_CONSTANT_CONVERSION = YES;
				CLANG_WARN_DIRECT_OBJC_ISA_USAGE = YES_ERROR;
				CLANG_WARN_EMPTY_BODY = YES;
				CLANG_WARN_ENUM_CONVERSION = YES;
				CLANG_WARN_INT_CONVERSION = YES;
				CLANG_WARN_OBJC_ROOT_CLASS = YES_ERROR;
				CLANG_WARN_UNREACHABLE_CODE = YES;
				CLANG_WARN__DUPLICATE_METHOD_MATCH = YES;
				"CODE_SIGN_IDENTITY[sdk=iphoneos*]" = "iPhone Developer";
				COPY_PHASE_STRIP = NO;
				DEBUG_INFORMATION_FORMAT = dwarf;
				ENABLE_STRICT_OBJC_MSGSEND = YES;
				ENABLE_TESTABILITY = YES;
				GCC_C_LANGUAGE_STANDARD = gnu99;
				GCC_DYNAMIC_NO_PIC = NO;
				GCC_NO_COMMON_BLOCKS = YES;
				GCC_OPTIMIZATION_LEVEL = 0;
				GCC_PREPROCESSOR_DEFINITIONS = (
					"DEBUG=1",
					"$(inherited)",
				);
				GCC_WARN_64_TO_32_BIT_CONVERSION = YES;
				GCC_WARN_ABOUT_RETURN_TYPE = YES_ERROR;
				GCC_WARN_UNDECLARED_SELECTOR = YES;
				GCC_WARN_UNINITIALIZED_AUTOS = YES_AGGRESSIVE;
				GCC_WARN_UNUSED_FUNCTION = YES;
				GCC_WARN_UNUSED_VARIABLE = YES;
				IPHONEOS_DEPLOYMENT_TARGET = 9.1;
				MTL_ENABLE_DEBUG_INFO = YES;
				ONLY_ACTIVE_ARCH = YES;
				SDKROOT = iphoneos;
				SWIFT_OPTIMIZATION_LEVEL = "-Onone";
				TARGETED_DEVICE_FAMILY = "1,2";
			};
			name = Debug;
		};
		A0DFC4B31BDAAE230058D79B /* Release */ = {
			isa = XCBuildConfiguration;
			buildSettings = {
				ALWAYS_SEARCH_USER_PATHS = NO;
				CLANG_CXX_LANGUAGE_STANDARD = "gnu++0x";
				CLANG_CXX_LIBRARY = "libc++";
				CLANG_ENABLE_MODULES = YES;
				CLANG_ENABLE_OBJC_ARC = YES;
				CLANG_WARN_BOOL_CONVERSION = YES;
				CLANG_WARN_CONSTANT_CONVERSION = YES;
				CLANG_WARN_DIRECT_OBJC_ISA_USAGE = YES_ERROR;
				CLANG_WARN_EMPTY_BODY = YES;
				CLANG_WARN_ENUM_CONVERSION = YES;
				CLANG_WARN_INT_CONVERSION = YES;
				CLANG_WARN_OBJC_ROOT_CLASS = YES_ERROR;
				CLANG_WARN_UNREACHABLE_CODE = YES;
				CLANG_WARN__DUPLICATE_METHOD_MATCH = YES;
				"CODE_SIGN_IDENTITY[sdk=iphoneos*]" = "iPhone Developer";
				COPY_PHASE_STRIP = NO;
				DEBUG_INFORMATION_FORMAT = "dwarf-with-dsym";
				ENABLE_NS_ASSERTIONS = NO;
				ENABLE_STRICT_OBJC_MSGSEND = YES;
				GCC_C_LANGUAGE_STANDARD = gnu99;
				GCC_NO_COMMON_BLOCKS = YES;
				GCC_WARN_64_TO_32_BIT_CONVERSION = YES;
				GCC_WARN_ABOUT_RETURN_TYPE = YES_ERROR;
				GCC_WARN_UNDECLARED_SELECTOR = YES;
				GCC_WARN_UNINITIALIZED_AUTOS = YES_AGGRESSIVE;
				GCC_WARN_UNUSED_FUNCTION = YES;
				GCC_WARN_UNUSED_VARIABLE = YES;
				IPHONEOS_DEPLOYMENT_TARGET = 9.1;
				MTL_ENABLE_DEBUG_INFO = NO;
				SDKROOT = iphoneos;
				TARGETED_DEVICE_FAMILY = "1,2";
				VALIDATE_PRODUCT = YES;
			};
			name = Release;
		};
		A0DFC4B51BDAAE230058D79B /* Debug */ = {
			isa = XCBuildConfiguration;
			baseConfigurationReference = 12ACDD4289A33AE2DCC5F82A /* Pods-GridViewExample.debug.xcconfig */;
			buildSettings = {
				ASSETCATALOG_COMPILER_APPICON_NAME = AppIcon;
				INFOPLIST_FILE = GridViewExample/Info.plist;
				LD_RUNPATH_SEARCH_PATHS = "$(inherited) @executable_path/Frameworks";
				PRODUCT_BUNDLE_IDENTIFIER = com.Realm.GridViewExample;
				PRODUCT_NAME = "$(TARGET_NAME)";
			};
			name = Debug;
		};
		A0DFC4B61BDAAE230058D79B /* Release */ = {
			isa = XCBuildConfiguration;
			baseConfigurationReference = EB24972AB7BF90AA27D8867A /* Pods-GridViewExample.release.xcconfig */;
			buildSettings = {
				ASSETCATALOG_COMPILER_APPICON_NAME = AppIcon;
				INFOPLIST_FILE = GridViewExample/Info.plist;
				LD_RUNPATH_SEARCH_PATHS = "$(inherited) @executable_path/Frameworks";
				PRODUCT_BUNDLE_IDENTIFIER = com.Realm.GridViewExample;
				PRODUCT_NAME = "$(TARGET_NAME)";
			};
			name = Release;
		};
/* End XCBuildConfiguration section */

/* Begin XCConfigurationList section */
		A0DFC49D1BDAAE230058D79B /* Build configuration list for PBXProject "GridViewExample" */ = {
			isa = XCConfigurationList;
			buildConfigurations = (
				A0DFC4B21BDAAE230058D79B /* Debug */,
				A0DFC4B31BDAAE230058D79B /* Release */,
			);
			defaultConfigurationIsVisible = 0;
			defaultConfigurationName = Release;
		};
		A0DFC4B41BDAAE230058D79B /* Build configuration list for PBXNativeTarget "GridViewExample" */ = {
			isa = XCConfigurationList;
			buildConfigurations = (
				A0DFC4B51BDAAE230058D79B /* Debug */,
				A0DFC4B61BDAAE230058D79B /* Release */,
			);
			defaultConfigurationIsVisible = 0;
			defaultConfigurationName = Release;
		};
/* End XCConfigurationList section */
	};
	rootObject = A0DFC49A1BDAAE230058D79B /* Project object */;
}
